
Microsoft Visual Studio Solution File, Format Version 12.00
# Visual Studio Version 16
VisualStudioVersion = 16.0.31321.278
MinimumVisualStudioVersion = 10.0.40219.1
Project("{FAE04EC0-301F-11D3-BF4B-00C04F79EFBC}") = "SparePartsShop", "SparePartsShop.csproj", "{F9B7C4FF-9257-4670-BC5B-5046E7320B7C}"
EndProject
Global
	GlobalSection(SolutionConfigurationPlatforms) = preSolution
		Debug|Any CPU = Debug|Any CPU
		Release|Any CPU = Release|Any CPU
	EndGlobalSection
	GlobalSection(ProjectConfigurationPlatforms) = postSolution
		{F9B7C4FF-9257-4670-BC5B-5046E7320B7C}.Debug|Any CPU.ActiveCfg = Debug|Any CPU
		{F9B7C4FF-9257-4670-BC5B-5046E7320B7C}.Debug|Any CPU.Build.0 = Debug|Any CPU
		{F9B7C4FF-9257-4670-BC5B-5046E7320B7C}.Release|Any CPU.ActiveCfg = Release|Any CPU
		{F9B7C4FF-9257-4670-BC5B-5046E7320B7C}.Release|Any CPU.Build.0 = Release|Any CPU
	EndGlobalSection
	GlobalSection(SolutionProperties) = preSolution
		HideSolutionNode = FALSE
	EndGlobalSection
	GlobalSection(ExtensibilityGlobals) = postSolution
		SolutionGuid = {4CE371D2-2AC5-43BA-8D63-F7A4C123DD5F}
	EndGlobalSection
EndGlobal
